
Microsoft Visual Studio Solution File, Format Version 12.00
# Visual Studio Version 16
VisualStudioVersion = 16.0.30320.27
MinimumVisualStudioVersion = 10.0.40219.1
Project("{FAE04EC0-301F-11D3-BF4B-00C04F79EFBC}") = "AutomacaoApiMantis", "AutomacaoApiMantis\AutomacaoApiMantis.csproj", "{F62F4542-7DD5-48A0-BE77-F6E34BED4922}"
EndProject
Global
	GlobalSection(SolutionConfigurationPlatforms) = preSolution
		Debug|Any CPU = Debug|Any CPU
		Release|Any CPU = Release|Any CPU
	EndGlobalSection
	GlobalSection(ProjectConfigurationPlatforms) = postSolution
		{F62F4542-7DD5-48A0-BE77-F6E34BED4922}.Debug|Any CPU.ActiveCfg = Debug|Any CPU
		{F62F4542-7DD5-48A0-BE77-F6E34BED4922}.Debug|Any CPU.Build.0 = Debug|Any CPU
		{F62F4542-7DD5-48A0-BE77-F6E34BED4922}.Release|Any CPU.ActiveCfg = Release|Any CPU
		{F62F4542-7DD5-48A0-BE77-F6E34BED4922}.Release|Any CPU.Build.0 = Release|Any CPU
	EndGlobalSection
	GlobalSection(SolutionProperties) = preSolution
		HideSolutionNode = FALSE
	EndGlobalSection
	GlobalSection(ExtensibilityGlobals) = postSolution
		SolutionGuid = {4B6E105F-CF7B-49B2-BB2D-4C9E91B2FB65}
	EndGlobalSection
EndGlobal
